// !$*UTF8*$!
{
	archiveVersion = 1;
	classes = {
	};
	objectVersion = 55;
	objects = {

/* Begin PBXBuildFile section */
		5702BA1128EEAEED006493CF /* ExpenseDetailView.swift in Sources */ = {isa = PBXBuildFile; fileRef = 5702BA1028EEAEED006493CF /* ExpenseDetailView.swift */; };
		5702BA1328EEB0AC006493CF /* TextfieldRow.swift in Sources */ = {isa = PBXBuildFile; fileRef = 5702BA1228EEB0AC006493CF /* TextfieldRow.swift */; };
		57066F922922056C00F4832A /* ListRowModel.swift in Sources */ = {isa = PBXBuildFile; fileRef = 57066F912922056C00F4832A /* ListRowModel.swift */; };
		57066F942922073100F4832A /* ToggleRow.swift in Sources */ = {isa = PBXBuildFile; fileRef = 57066F932922073100F4832A /* ToggleRow.swift */; };
		57066F9629220B1700F4832A /* DateRow.swift in Sources */ = {isa = PBXBuildFile; fileRef = 57066F9529220B1700F4832A /* DateRow.swift */; };
		57066F9829220F6900F4832A /* PickerRow.swift in Sources */ = {isa = PBXBuildFile; fileRef = 57066F9729220F6900F4832A /* PickerRow.swift */; };
		572C0525294F27CF0004AD00 /* NumberTextfieldRow.swift in Sources */ = {isa = PBXBuildFile; fileRef = 572C0524294F27CF0004AD00 /* NumberTextfieldRow.swift */; };
		572C0528294F36650004AD00 /* Binding+Utilities.swift in Sources */ = {isa = PBXBuildFile; fileRef = 572C0527294F36650004AD00 /* Binding+Utilities.swift */; };
		572C76B828EC3FF90099AA5E /* ListItemModel.swift in Sources */ = {isa = PBXBuildFile; fileRef = 572C76B728EC3FF90099AA5E /* ListItemModel.swift */; };
		572C76BA28EC40060099AA5E /* ExpenseModel.swift in Sources */ = {isa = PBXBuildFile; fileRef = 572C76B928EC40060099AA5E /* ExpenseModel.swift */; };
		572C76BC28EC40100099AA5E /* IncomeModel.swift in Sources */ = {isa = PBXBuildFile; fileRef = 572C76BB28EC40100099AA5E /* IncomeModel.swift */; };
		572C76BE28EC40410099AA5E /* PaymentFrequency.swift in Sources */ = {isa = PBXBuildFile; fileRef = 572C76BD28EC40410099AA5E /* PaymentFrequency.swift */; };
		5767ED8729502E2C0030B525 /* MonthlyBills.swift in Sources */ = {isa = PBXBuildFile; fileRef = 5767ED8629502E2C0030B525 /* MonthlyBills.swift */; };
		5770C99D29386CBC00118A48 /* AppleFileSystemService.swift in Sources */ = {isa = PBXBuildFile; fileRef = 5770C99B29386CBC00118A48 /* AppleFileSystemService.swift */; };
		5770C99E29386CBC00118A48 /* FileSystemService.swift in Sources */ = {isa = PBXBuildFile; fileRef = 5770C99C29386CBC00118A48 /* FileSystemService.swift */; };
		5770C9A029386D8800118A48 /* Expenses.swift in Sources */ = {isa = PBXBuildFile; fileRef = 5770C99F29386D8800118A48 /* Expenses.swift */; };
		5770C9A22938736100118A48 /* NotificationManager.swift in Sources */ = {isa = PBXBuildFile; fileRef = 5770C9A12938736100118A48 /* NotificationManager.swift */; };
		57A297CA2885C404001C9F27 /* ExpenseTrackerApp.swift in Sources */ = {isa = PBXBuildFile; fileRef = 57A297C92885C404001C9F27 /* ExpenseTrackerApp.swift */; };
		57A297CC2885C404001C9F27 /* MainListView.swift in Sources */ = {isa = PBXBuildFile; fileRef = 57A297CB2885C404001C9F27 /* MainListView.swift */; };
		57A297CE2885C406001C9F27 /* Assets.xcassets in Resources */ = {isa = PBXBuildFile; fileRef = 57A297CD2885C406001C9F27 /* Assets.xcassets */; };
		57A297D12885C406001C9F27 /* Preview Assets.xcassets in Resources */ = {isa = PBXBuildFile; fileRef = 57A297D02885C406001C9F27 /* Preview Assets.xcassets */; };
		57B1BED228ED533D001A65BE /* ExpenseRow.swift in Sources */ = {isa = PBXBuildFile; fileRef = 57B1BED128ED533D001A65BE /* ExpenseRow.swift */; };
/* End PBXBuildFile section */

/* Begin PBXFileReference section */
		5702BA1028EEAEED006493CF /* ExpenseDetailView.swift */ = {isa = PBXFileReference; lastKnownFileType = sourcecode.swift; path = ExpenseDetailView.swift; sourceTree = "<group>"; };
		5702BA1228EEB0AC006493CF /* TextfieldRow.swift */ = {isa = PBXFileReference; lastKnownFileType = sourcecode.swift; path = TextfieldRow.swift; sourceTree = "<group>"; };
		57066F912922056C00F4832A /* ListRowModel.swift */ = {isa = PBXFileReference; lastKnownFileType = sourcecode.swift; path = ListRowModel.swift; sourceTree = "<group>"; };
		57066F932922073100F4832A /* ToggleRow.swift */ = {isa = PBXFileReference; lastKnownFileType = sourcecode.swift; path = ToggleRow.swift; sourceTree = "<group>"; };
		57066F9529220B1700F4832A /* DateRow.swift */ = {isa = PBXFileReference; lastKnownFileType = sourcecode.swift; path = DateRow.swift; sourceTree = "<group>"; };
		57066F9729220F6900F4832A /* PickerRow.swift */ = {isa = PBXFileReference; lastKnownFileType = sourcecode.swift; path = PickerRow.swift; sourceTree = "<group>"; };
		572C0524294F27CF0004AD00 /* NumberTextfieldRow.swift */ = {isa = PBXFileReference; lastKnownFileType = sourcecode.swift; path = NumberTextfieldRow.swift; sourceTree = "<group>"; };
		572C0527294F36650004AD00 /* Binding+Utilities.swift */ = {isa = PBXFileReference; lastKnownFileType = sourcecode.swift; path = "Binding+Utilities.swift"; sourceTree = "<group>"; };
		572C76B728EC3FF90099AA5E /* ListItemModel.swift */ = {isa = PBXFileReference; lastKnownFileType = sourcecode.swift; path = ListItemModel.swift; sourceTree = "<group>"; };
		572C76B928EC40060099AA5E /* ExpenseModel.swift */ = {isa = PBXFileReference; lastKnownFileType = sourcecode.swift; path = ExpenseModel.swift; sourceTree = "<group>"; };
		572C76BB28EC40100099AA5E /* IncomeModel.swift */ = {isa = PBXFileReference; lastKnownFileType = sourcecode.swift; path = IncomeModel.swift; sourceTree = "<group>"; };
		572C76BD28EC40410099AA5E /* PaymentFrequency.swift */ = {isa = PBXFileReference; lastKnownFileType = sourcecode.swift; path = PaymentFrequency.swift; sourceTree = "<group>"; };
		5767ED8629502E2C0030B525 /* MonthlyBills.swift */ = {isa = PBXFileReference; lastKnownFileType = sourcecode.swift; path = MonthlyBills.swift; sourceTree = "<group>"; };
		5770C99B29386CBC00118A48 /* AppleFileSystemService.swift */ = {isa = PBXFileReference; fileEncoding = 4; lastKnownFileType = sourcecode.swift; path = AppleFileSystemService.swift; sourceTree = "<group>"; };
		5770C99C29386CBC00118A48 /* FileSystemService.swift */ = {isa = PBXFileReference; fileEncoding = 4; lastKnownFileType = sourcecode.swift; path = FileSystemService.swift; sourceTree = "<group>"; };
		5770C99F29386D8800118A48 /* Expenses.swift */ = {isa = PBXFileReference; lastKnownFileType = sourcecode.swift; path = Expenses.swift; sourceTree = "<group>"; };
		5770C9A12938736100118A48 /* NotificationManager.swift */ = {isa = PBXFileReference; lastKnownFileType = sourcecode.swift; path = NotificationManager.swift; sourceTree = "<group>"; };
		57A297C62885C404001C9F27 /* ExpenseTracker.app */ = {isa = PBXFileReference; explicitFileType = wrapper.application; includeInIndex = 0; path = ExpenseTracker.app; sourceTree = BUILT_PRODUCTS_DIR; };
		57A297C92885C404001C9F27 /* ExpenseTrackerApp.swift */ = {isa = PBXFileReference; lastKnownFileType = sourcecode.swift; path = ExpenseTrackerApp.swift; sourceTree = "<group>"; };
		57A297CB2885C404001C9F27 /* MainListView.swift */ = {isa = PBXFileReference; lastKnownFileType = sourcecode.swift; path = MainListView.swift; sourceTree = "<group>"; };
		57A297CD2885C406001C9F27 /* Assets.xcassets */ = {isa = PBXFileReference; lastKnownFileType = folder.assetcatalog; path = Assets.xcassets; sourceTree = "<group>"; };
		57A297D02885C406001C9F27 /* Preview Assets.xcassets */ = {isa = PBXFileReference; lastKnownFileType = folder.assetcatalog; path = "Preview Assets.xcassets"; sourceTree = "<group>"; };
		57B1BED128ED533D001A65BE /* ExpenseRow.swift */ = {isa = PBXFileReference; lastKnownFileType = sourcecode.swift; path = ExpenseRow.swift; sourceTree = "<group>"; };
/* End PBXFileReference section */

/* Begin PBXFrameworksBuildPhase section */
		57A297C32885C404001C9F27 /* Frameworks */ = {
			isa = PBXFrameworksBuildPhase;
			buildActionMask = 2147483647;
			files = (
			);
			runOnlyForDeploymentPostprocessing = 0;
		};
/* End PBXFrameworksBuildPhase section */

/* Begin PBXGroup section */
		572C76B528EC3FE30099AA5E /* Constants */ = {
			isa = PBXGroup;
			children = (
				572C76BD28EC40410099AA5E /* PaymentFrequency.swift */,
			);
			path = Constants;
			sourceTree = "<group>";
		};
		572C76B628EC3FEC0099AA5E /* Models */ = {
			isa = PBXGroup;
			children = (
				5770C99F29386D8800118A48 /* Expenses.swift */,
				572C76B728EC3FF90099AA5E /* ListItemModel.swift */,
				572C76B928EC40060099AA5E /* ExpenseModel.swift */,
				572C76BB28EC40100099AA5E /* IncomeModel.swift */,
				57066F912922056C00F4832A /* ListRowModel.swift */,
				5767ED8629502E2C0030B525 /* MonthlyBills.swift */,
			);
			path = Models;
			sourceTree = "<group>";
		};
		572C76BF28EC40960099AA5E /* Views */ = {
			isa = PBXGroup;
			children = (
				57A297CB2885C404001C9F27 /* MainListView.swift */,
				57B1BED128ED533D001A65BE /* ExpenseRow.swift */,
				5702BA1028EEAEED006493CF /* ExpenseDetailView.swift */,
				5702BA1228EEB0AC006493CF /* TextfieldRow.swift */,
				572C0524294F27CF0004AD00 /* NumberTextfieldRow.swift */,
				57066F932922073100F4832A /* ToggleRow.swift */,
				57066F9529220B1700F4832A /* DateRow.swift */,
				57066F9729220F6900F4832A /* PickerRow.swift */,
			);
			path = Views;
			sourceTree = "<group>";
		};
		572C76C028EC40B70099AA5E /* Utilities */ = {
			isa = PBXGroup;
			children = (
				5770C99A29386CBC00118A48 /* FileSystem */,
				5770C9A12938736100118A48 /* NotificationManager.swift */,
				572C0527294F36650004AD00 /* Binding+Utilities.swift */,
			);
			path = Utilities;
			sourceTree = "<group>";
		};
		5770C99A29386CBC00118A48 /* FileSystem */ = {
			isa = PBXGroup;
			children = (
				5770C99C29386CBC00118A48 /* FileSystemService.swift */,
				5770C99B29386CBC00118A48 /* AppleFileSystemService.swift */,
			);
			path = FileSystem;
			sourceTree = "<group>";
		};
		57A297BD2885C404001C9F27 = {
			isa = PBXGroup;
			children = (
				57A297C82885C404001C9F27 /* ExpenseTracker */,
				57A297C72885C404001C9F27 /* Products */,
			);
			sourceTree = "<group>";
		};
		57A297C72885C404001C9F27 /* Products */ = {
			isa = PBXGroup;
			children = (
				57A297C62885C404001C9F27 /* ExpenseTracker.app */,
			);
			name = Products;
			sourceTree = "<group>";
		};
		57A297C82885C404001C9F27 /* ExpenseTracker */ = {
			isa = PBXGroup;
			children = (
				57A297C92885C404001C9F27 /* ExpenseTrackerApp.swift */,
				572C76BF28EC40960099AA5E /* Views */,
				572C76B628EC3FEC0099AA5E /* Models */,
				572C76B528EC3FE30099AA5E /* Constants */,
				572C76C028EC40B70099AA5E /* Utilities */,
				57A297CD2885C406001C9F27 /* Assets.xcassets */,
				57A297CF2885C406001C9F27 /* Preview Content */,
			);
			path = ExpenseTracker;
			sourceTree = "<group>";
		};
		57A297CF2885C406001C9F27 /* Preview Content */ = {
			isa = PBXGroup;
			children = (
				57A297D02885C406001C9F27 /* Preview Assets.xcassets */,
			);
			path = "Preview Content";
			sourceTree = "<group>";
		};
/* End PBXGroup section */

/* Begin PBXNativeTarget section */
		57A297C52885C404001C9F27 /* ExpenseTracker */ = {
			isa = PBXNativeTarget;
			buildConfigurationList = 57A297D42885C406001C9F27 /* Build configuration list for PBXNativeTarget "ExpenseTracker" */;
			buildPhases = (
				57A297C22885C404001C9F27 /* Sources */,
				57A297C32885C404001C9F27 /* Frameworks */,
				57A297C42885C404001C9F27 /* Resources */,
			);
			buildRules = (
			);
			dependencies = (
			);
			name = ExpenseTracker;
			productName = ExpenseTracker;
			productReference = 57A297C62885C404001C9F27 /* ExpenseTracker.app */;
			productType = "com.apple.product-type.application";
		};
/* End PBXNativeTarget section */

/* Begin PBXProject section */
		57A297BE2885C404001C9F27 /* Project object */ = {
			isa = PBXProject;
			attributes = {
				BuildIndependentTargetsInParallel = 1;
				LastSwiftUpdateCheck = 1340;
				LastUpgradeCheck = 1340;
				TargetAttributes = {
					57A297C52885C404001C9F27 = {
						CreatedOnToolsVersion = 13.4.1;
					};
				};
			};
			buildConfigurationList = 57A297C12885C404001C9F27 /* Build configuration list for PBXProject "ExpenseTracker" */;
			compatibilityVersion = "Xcode 13.0";
			developmentRegion = en;
			hasScannedForEncodings = 0;
			knownRegions = (
				en,
				Base,
			);
			mainGroup = 57A297BD2885C404001C9F27;
			productRefGroup = 57A297C72885C404001C9F27 /* Products */;
			projectDirPath = "";
			projectRoot = "";
			targets = (
				57A297C52885C404001C9F27 /* ExpenseTracker */,
			);
		};
/* End PBXProject section */

/* Begin PBXResourcesBuildPhase section */
		57A297C42885C404001C9F27 /* Resources */ = {
			isa = PBXResourcesBuildPhase;
			buildActionMask = 2147483647;
			files = (
				57A297D12885C406001C9F27 /* Preview Assets.xcassets in Resources */,
				57A297CE2885C406001C9F27 /* Assets.xcassets in Resources */,
			);
			runOnlyForDeploymentPostprocessing = 0;
		};
/* End PBXResourcesBuildPhase section */

/* Begin PBXSourcesBuildPhase section */
		57A297C22885C404001C9F27 /* Sources */ = {
			isa = PBXSourcesBuildPhase;
			buildActionMask = 2147483647;
			files = (
				572C76BA28EC40060099AA5E /* ExpenseModel.swift in Sources */,
				5770C9A22938736100118A48 /* NotificationManager.swift in Sources */,
				5767ED8729502E2C0030B525 /* MonthlyBills.swift in Sources */,
				572C76B828EC3FF90099AA5E /* ListItemModel.swift in Sources */,
				5770C99E29386CBC00118A48 /* FileSystemService.swift in Sources */,
				57066F9629220B1700F4832A /* DateRow.swift in Sources */,
				5770C9A029386D8800118A48 /* Expenses.swift in Sources */,
				572C0528294F36650004AD00 /* Binding+Utilities.swift in Sources */,
				57066F942922073100F4832A /* ToggleRow.swift in Sources */,
				572C0525294F27CF0004AD00 /* NumberTextfieldRow.swift in Sources */,
				57A297CC2885C404001C9F27 /* MainListView.swift in Sources */,
				5702BA1328EEB0AC006493CF /* TextfieldRow.swift in Sources */,
				57066F922922056C00F4832A /* ListRowModel.swift in Sources */,
				57B1BED228ED533D001A65BE /* ExpenseRow.swift in Sources */,
				572C76BE28EC40410099AA5E /* PaymentFrequency.swift in Sources */,
				5770C99D29386CBC00118A48 /* AppleFileSystemService.swift in Sources */,
				57066F9829220F6900F4832A /* PickerRow.swift in Sources */,
				572C76BC28EC40100099AA5E /* IncomeModel.swift in Sources */,
				57A297CA2885C404001C9F27 /* ExpenseTrackerApp.swift in Sources */,
				5702BA1128EEAEED006493CF /* ExpenseDetailView.swift in Sources */,
			);
			runOnlyForDeploymentPostprocessing = 0;
		};
/* End PBXSourcesBuildPhase section */

/* Begin XCBuildConfiguration section */
		57A297D22885C406001C9F27 /* Debug */ = {
			isa = XCBuildConfiguration;
			buildSettings = {
				ALWAYS_SEARCH_USER_PATHS = NO;
				CLANG_ANALYZER_NONNULL = YES;
				CLANG_ANALYZER_NUMBER_OBJECT_CONVERSION = YES_AGGRESSIVE;
				CLANG_CXX_LANGUAGE_STANDARD = "gnu++17";
				CLANG_ENABLE_MODULES = YES;
				CLANG_ENABLE_OBJC_ARC = YES;
				CLANG_ENABLE_OBJC_WEAK = YES;
				CLANG_WARN_BLOCK_CAPTURE_AUTORELEASING = YES;
				CLANG_WARN_BOOL_CONVERSION = YES;
				CLANG_WARN_COMMA = YES;
				CLANG_WARN_CONSTANT_CONVERSION = YES;
				CLANG_WARN_DEPRECATED_OBJC_IMPLEMENTATIONS = YES;
				CLANG_WARN_DIRECT_OBJC_ISA_USAGE = YES_ERROR;
				CLANG_WARN_DOCUMENTATION_COMMENTS = YES;
				CLANG_WARN_EMPTY_BODY = YES;
				CLANG_WARN_ENUM_CONVERSION = YES;
				CLANG_WARN_INFINITE_RECURSION = YES;
				CLANG_WARN_INT_CONVERSION = YES;
				CLANG_WARN_NON_LITERAL_NULL_CONVERSION = YES;
				CLANG_WARN_OBJC_IMPLICIT_RETAIN_SELF = YES;
				CLANG_WARN_OBJC_LITERAL_CONVERSION = YES;
				CLANG_WARN_OBJC_ROOT_CLASS = YES_ERROR;
				CLANG_WARN_QUOTED_INCLUDE_IN_FRAMEWORK_HEADER = YES;
				CLANG_WARN_RANGE_LOOP_ANALYSIS = YES;
				CLANG_WARN_STRICT_PROTOTYPES = YES;
				CLANG_WARN_SUSPICIOUS_MOVE = YES;
				CLANG_WARN_UNGUARDED_AVAILABILITY = YES_AGGRESSIVE;
				CLANG_WARN_UNREACHABLE_CODE = YES;
				CLANG_WARN__DUPLICATE_METHOD_MATCH = YES;
				COPY_PHASE_STRIP = NO;
				DEBUG_INFORMATION_FORMAT = dwarf;
				ENABLE_STRICT_OBJC_MSGSEND = YES;
				ENABLE_TESTABILITY = YES;
				GCC_C_LANGUAGE_STANDARD = gnu11;
				GCC_DYNAMIC_NO_PIC = NO;
				GCC_NO_COMMON_BLOCKS = YES;
				GCC_OPTIMIZATION_LEVEL = 0;
				GCC_PREPROCESSOR_DEFINITIONS = (
					"DEBUG=1",
					"$(inherited)",
				);
				GCC_WARN_64_TO_32_BIT_CONVERSION = YES;
				GCC_WARN_ABOUT_RETURN_TYPE = YES_ERROR;
				GCC_WARN_UNDECLARED_SELECTOR = YES;
				GCC_WARN_UNINITIALIZED_AUTOS = YES_AGGRESSIVE;
				GCC_WARN_UNUSED_FUNCTION = YES;
				GCC_WARN_UNUSED_VARIABLE = YES;
				IPHONEOS_DEPLOYMENT_TARGET = 15.5;
				MTL_ENABLE_DEBUG_INFO = INCLUDE_SOURCE;
				MTL_FAST_MATH = YES;
				ONLY_ACTIVE_ARCH = YES;
				SDKROOT = iphoneos;
				SWIFT_ACTIVE_COMPILATION_CONDITIONS = DEBUG;
				SWIFT_OPTIMIZATION_LEVEL = "-Onone";
			};
			name = Debug;
		};
		57A297D32885C406001C9F27 /* Release */ = {
			isa = XCBuildConfiguration;
			buildSettings = {
				ALWAYS_SEARCH_USER_PATHS = NO;
				CLANG_ANALYZER_NONNULL = YES;
				CLANG_ANALYZER_NUMBER_OBJECT_CONVERSION = YES_AGGRESSIVE;
				CLANG_CXX_LANGUAGE_STANDARD = "gnu++17";
				CLANG_ENABLE_MODULES = YES;
				CLANG_ENABLE_OBJC_ARC = YES;
				CLANG_ENABLE_OBJC_WEAK = YES;
				CLANG_WARN_BLOCK_CAPTURE_AUTORELEASING = YES;
				CLANG_WARN_BOOL_CONVERSION = YES;
				CLANG_WARN_COMMA = YES;
				CLANG_WARN_CONSTANT_CONVERSION = YES;
				CLANG_WARN_DEPRECATED_OBJC_IMPLEMENTATIONS = YES;
				CLANG_WARN_DIRECT_OBJC_ISA_USAGE = YES_ERROR;
				CLANG_WARN_DOCUMENTATION_COMMENTS = YES;
				CLANG_WARN_EMPTY_BODY = YES;
				CLANG_WARN_ENUM_CONVERSION = YES;
				CLANG_WARN_INFINITE_RECURSION = YES;
				CLANG_WARN_INT_CONVERSION = YES;
				CLANG_WARN_NON_LITERAL_NULL_CONVERSION = YES;
				CLANG_WARN_OBJC_IMPLICIT_RETAIN_SELF = YES;
				CLANG_WARN_OBJC_LITERAL_CONVERSION = YES;
				CLANG_WARN_OBJC_ROOT_CLASS = YES_ERROR;
				CLANG_WARN_QUOTED_INCLUDE_IN_FRAMEWORK_HEADER = YES;
				CLANG_WARN_RANGE_LOOP_ANALYSIS = YES;
				CLANG_WARN_STRICT_PROTOTYPES = YES;
				CLANG_WARN_SUSPICIOUS_MOVE = YES;
				CLANG_WARN_UNGUARDED_AVAILABILITY = YES_AGGRESSIVE;
				CLANG_WARN_UNREACHABLE_CODE = YES;
				CLANG_WARN__DUPLICATE_METHOD_MATCH = YES;
				COPY_PHASE_STRIP = NO;
				DEBUG_INFORMATION_FORMAT = "dwarf-with-dsym";
				ENABLE_NS_ASSERTIONS = NO;
				ENABLE_STRICT_OBJC_MSGSEND = YES;
				GCC_C_LANGUAGE_STANDARD = gnu11;
				GCC_NO_COMMON_BLOCKS = YES;
				GCC_WARN_64_TO_32_BIT_CONVERSION = YES;
				GCC_WARN_ABOUT_RETURN_TYPE = YES_ERROR;
				GCC_WARN_UNDECLARED_SELECTOR = YES;
				GCC_WARN_UNINITIALIZED_AUTOS = YES_AGGRESSIVE;
				GCC_WARN_UNUSED_FUNCTION = YES;
				GCC_WARN_UNUSED_VARIABLE = YES;
				IPHONEOS_DEPLOYMENT_TARGET = 15.5;
				MTL_ENABLE_DEBUG_INFO = NO;
				MTL_FAST_MATH = YES;
				SDKROOT = iphoneos;
				SWIFT_COMPILATION_MODE = wholemodule;
				SWIFT_OPTIMIZATION_LEVEL = "-O";
				VALIDATE_PRODUCT = YES;
			};
			name = Release;
		};
		57A297D52885C406001C9F27 /* Debug */ = {
			isa = XCBuildConfiguration;
			buildSettings = {
				ASSETCATALOG_COMPILER_APPICON_NAME = AppIcon;
				ASSETCATALOG_COMPILER_GLOBAL_ACCENT_COLOR_NAME = AccentColor;
				CODE_SIGN_STYLE = Automatic;
				CURRENT_PROJECT_VERSION = 1;
				DEVELOPMENT_ASSET_PATHS = "\"ExpenseTracker/Preview Content\"";
				DEVELOPMENT_TEAM = 747C2QKTX7;
				ENABLE_PREVIEWS = YES;
				GENERATE_INFOPLIST_FILE = YES;
				INFOPLIST_KEY_UIApplicationSceneManifest_Generation = YES;
				INFOPLIST_KEY_UIApplicationSupportsIndirectInputEvents = YES;
				INFOPLIST_KEY_UILaunchScreen_Generation = YES;
				INFOPLIST_KEY_UISupportedInterfaceOrientations_iPad = "UIInterfaceOrientationPortrait UIInterfaceOrientationPortraitUpsideDown UIInterfaceOrientationLandscapeLeft UIInterfaceOrientationLandscapeRight";
				INFOPLIST_KEY_UISupportedInterfaceOrientations_iPhone = "UIInterfaceOrientationPortrait UIInterfaceOrientationLandscapeLeft UIInterfaceOrientationLandscapeRight";
				LD_RUNPATH_SEARCH_PATHS = (
					"$(inherited)",
					"@executable_path/Frameworks",
				);
				MARKETING_VERSION = 1.0;
				PRODUCT_BUNDLE_IDENTIFIER = com.penaflor.ExpenseTracker.ExpenseTracker;
				PRODUCT_NAME = "$(TARGET_NAME)";
				SWIFT_EMIT_LOC_STRINGS = YES;
				SWIFT_VERSION = 5.0;
				TARGETED_DEVICE_FAMILY = "1,2";
			};
			name = Debug;
		};
		57A297D62885C406001C9F27 /* Release */ = {
			isa = XCBuildConfiguration;
			buildSettings = {
				ASSETCATALOG_COMPILER_APPICON_NAME = AppIcon;
				ASSETCATALOG_COMPILER_GLOBAL_ACCENT_COLOR_NAME = AccentColor;
				CODE_SIGN_STYLE = Automatic;
				CURRENT_PROJECT_VERSION = 1;
				DEVELOPMENT_ASSET_PATHS = "\"ExpenseTracker/Preview Content\"";
				DEVELOPMENT_TEAM = 747C2QKTX7;
				ENABLE_PREVIEWS = YES;
				GENERATE_INFOPLIST_FILE = YES;
				INFOPLIST_KEY_UIApplicationSceneManifest_Generation = YES;
				INFOPLIST_KEY_UIApplicationSupportsIndirectInputEvents = YES;
				INFOPLIST_KEY_UILaunchScreen_Generation = YES;
				INFOPLIST_KEY_UISupportedInterfaceOrientations_iPad = "UIInterfaceOrientationPortrait UIInterfaceOrientationPortraitUpsideDown UIInterfaceOrientationLandscapeLeft UIInterfaceOrientationLandscapeRight";
				INFOPLIST_KEY_UISupportedInterfaceOrientations_iPhone = "UIInterfaceOrientationPortrait UIInterfaceOrientationLandscapeLeft UIInterfaceOrientationLandscapeRight";
				LD_RUNPATH_SEARCH_PATHS = (
					"$(inherited)",
					"@executable_path/Frameworks",
				);
				MARKETING_VERSION = 1.0;
				PRODUCT_BUNDLE_IDENTIFIER = com.penaflor.ExpenseTracker.ExpenseTracker;
				PRODUCT_NAME = "$(TARGET_NAME)";
				SWIFT_EMIT_LOC_STRINGS = YES;
				SWIFT_VERSION = 5.0;
				TARGETED_DEVICE_FAMILY = "1,2";
			};
			name = Release;
		};
/* End XCBuildConfiguration section */

/* Begin XCConfigurationList section */
		57A297C12885C404001C9F27 /* Build configuration list for PBXProject "ExpenseTracker" */ = {
			isa = XCConfigurationList;
			buildConfigurations = (
				57A297D22885C406001C9F27 /* Debug */,
				57A297D32885C406001C9F27 /* Release */,
			);
			defaultConfigurationIsVisible = 0;
			defaultConfigurationName = Release;
		};
		57A297D42885C406001C9F27 /* Build configuration list for PBXNativeTarget "ExpenseTracker" */ = {
			isa = XCConfigurationList;
			buildConfigurations = (
				57A297D52885C406001C9F27 /* Debug */,
				57A297D62885C406001C9F27 /* Release */,
			);
			defaultConfigurationIsVisible = 0;
			defaultConfigurationName = Release;
		};
/* End XCConfigurationList section */
	};
	rootObject = 57A297BE2885C404001C9F27 /* Project object */;
}
